// !$*UTF8*$!
{
	archiveVersion = 1;
	classes = {
	};
	objectVersion = 77;
	objects = {

/* Begin PBXBuildFile section */
		D00000000000000000000001 /* FridgyApp.swift in Sources */ = {isa = PBXBuildFile; fileRef = C00000000000000000000001 /* FridgyApp.swift */; };
		D00000000000000000000002 /* Models/Models.swift in Sources */ = {isa = PBXBuildFile; fileRef = C00000000000000000000002 /* Models/Models.swift */; };
		D00000000000000000000003 /* Design/DesignSystem.swift in Sources */ = {isa = PBXBuildFile; fileRef = C00000000000000000000003 /* Design/DesignSystem.swift */; };
		D00000000000000000000004 /* ViewModels/AppState.swift in Sources */ = {isa = PBXBuildFile; fileRef = C00000000000000000000004 /* ViewModels/AppState.swift */; };
		D00000000000000000000005 /* Services/MockServices.swift in Sources */ = {isa = PBXBuildFile; fileRef = C00000000000000000000005 /* Services/MockServices.swift */; };
		D00000000000000000000006 /* Services/SupabaseGateway.swift in Sources */ = {isa = PBXBuildFile; fileRef = C00000000000000000000006 /* Services/SupabaseGateway.swift */; };
		D00000000000000000000007 /* Views/AuthView.swift in Sources */ = {isa = PBXBuildFile; fileRef = C00000000000000000000007 /* Views/AuthView.swift */; };
		D00000000000000000000008 /* Views/OnboardingView.swift in Sources */ = {isa = PBXBuildFile; fileRef = C00000000000000000000008 /* Views/OnboardingView.swift */; };
		D00000000000000000000009 /* Views/MainTabView.swift in Sources */ = {isa = PBXBuildFile; fileRef = C00000000000000000000009 /* Views/MainTabView.swift */; };
		D0000000000000000000000A /* Views/PantryScanView.swift in Sources */ = {isa = PBXBuildFile; fileRef = C0000000000000000000000A /* Views/PantryScanView.swift */; };
		D0000000000000000000000B /* Views/RecipeViews.swift in Sources */ = {isa = PBXBuildFile; fileRef = C0000000000000000000000B /* Views/RecipeViews.swift */; };
		D0000000000000000000000C /* Views/ProfileView.swift in Sources */ = {isa = PBXBuildFile; fileRef = C0000000000000000000000C /* Views/ProfileView.swift */; };
		D0000000000000000000000D /* Support/CameraCaptureView.swift in Sources */ = {isa = PBXBuildFile; fileRef = C0000000000000000000000D /* Support/CameraCaptureView.swift */; };
		D0000000000000000000000E /* Assets.xcassets in Resources */ = {isa = PBXBuildFile; fileRef = C00000000000000000000010 /* Assets.xcassets */; };
		D0000000000000000000000F /* Services/SupabaseAuthService.swift in Sources */ = {isa = PBXBuildFile; fileRef = C00000000000000000000012 /* Services/SupabaseAuthService.swift */; };
		D00000000000000000000010 /* Supabase in Frameworks */ = {isa = PBXBuildFile; productRef = E00000000000000000000002 /* Supabase */; };
		D00000000000000000000011 /* Services/USDAFoodDataService.swift in Sources */ = {isa = PBXBuildFile; fileRef = C00000000000000000000013 /* Services/USDAFoodDataService.swift */; };
/* End PBXBuildFile section */

/* Begin PBXFileReference section */
		C00000000000000000000001 /* FridgyApp.swift */ = {isa = PBXFileReference; lastKnownFileType = sourcecode.swift; path = FridgyApp.swift; sourceTree = "<group>"; };
		C00000000000000000000002 /* Models/Models.swift */ = {isa = PBXFileReference; lastKnownFileType = sourcecode.swift; path = Models/Models.swift; sourceTree = "<group>"; };
		C00000000000000000000003 /* Design/DesignSystem.swift */ = {isa = PBXFileReference; lastKnownFileType = sourcecode.swift; path = Design/DesignSystem.swift; sourceTree = "<group>"; };
		C00000000000000000000004 /* ViewModels/AppState.swift */ = {isa = PBXFileReference; lastKnownFileType = sourcecode.swift; path = ViewModels/AppState.swift; sourceTree = "<group>"; };
		C00000000000000000000005 /* Services/MockServices.swift */ = {isa = PBXFileReference; lastKnownFileType = sourcecode.swift; path = Services/MockServices.swift; sourceTree = "<group>"; };
		C00000000000000000000006 /* Services/SupabaseGateway.swift */ = {isa = PBXFileReference; lastKnownFileType = sourcecode.swift; path = Services/SupabaseGateway.swift; sourceTree = "<group>"; };
		C00000000000000000000007 /* Views/AuthView.swift */ = {isa = PBXFileReference; lastKnownFileType = sourcecode.swift; path = Views/AuthView.swift; sourceTree = "<group>"; };
		C00000000000000000000008 /* Views/OnboardingView.swift */ = {isa = PBXFileReference; lastKnownFileType = sourcecode.swift; path = Views/OnboardingView.swift; sourceTree = "<group>"; };
		C00000000000000000000009 /* Views/MainTabView.swift */ = {isa = PBXFileReference; lastKnownFileType = sourcecode.swift; path = Views/MainTabView.swift; sourceTree = "<group>"; };
		C0000000000000000000000A /* Views/PantryScanView.swift */ = {isa = PBXFileReference; lastKnownFileType = sourcecode.swift; path = Views/PantryScanView.swift; sourceTree = "<group>"; };
		C0000000000000000000000B /* Views/RecipeViews.swift */ = {isa = PBXFileReference; lastKnownFileType = sourcecode.swift; path = Views/RecipeViews.swift; sourceTree = "<group>"; };
		C0000000000000000000000C /* Views/ProfileView.swift */ = {isa = PBXFileReference; lastKnownFileType = sourcecode.swift; path = Views/ProfileView.swift; sourceTree = "<group>"; };
		C0000000000000000000000D /* Support/CameraCaptureView.swift */ = {isa = PBXFileReference; lastKnownFileType = sourcecode.swift; path = Support/CameraCaptureView.swift; sourceTree = "<group>"; };
		C0000000000000000000000E /* Info.plist */ = {isa = PBXFileReference; lastKnownFileType = text.plist.xml; path = Info.plist; sourceTree = "<group>"; };
		C0000000000000000000000F /* Fridgy.entitlements */ = {isa = PBXFileReference; lastKnownFileType = text.plist.entitlements; path = Fridgy.entitlements; sourceTree = "<group>"; };
		C00000000000000000000010 /* Assets.xcassets */ = {isa = PBXFileReference; lastKnownFileType = folder.assetcatalog; path = Assets.xcassets; sourceTree = "<group>"; };
		C00000000000000000000011 /* Fridgy.app */ = {isa = PBXFileReference; explicitFileType = wrapper.application; includeInIndex = 0; path = Fridgy.app; sourceTree = BUILT_PRODUCTS_DIR; };
		C00000000000000000000012 /* Services/SupabaseAuthService.swift */ = {isa = PBXFileReference; lastKnownFileType = sourcecode.swift; path = Services/SupabaseAuthService.swift; sourceTree = "<group>"; };
		C00000000000000000000013 /* Services/USDAFoodDataService.swift */ = {isa = PBXFileReference; lastKnownFileType = sourcecode.swift; path = Services/USDAFoodDataService.swift; sourceTree = "<group>"; };
/* End PBXFileReference section */

/* Begin PBXFrameworksBuildPhase section */
		A00000000000000000000009 /* Frameworks */ = {
			isa = PBXFrameworksBuildPhase;
			buildActionMask = 2147483647;
			files = (
				D00000000000000000000010 /* Supabase in Frameworks */,
			);
			runOnlyForDeploymentPostprocessing = 0;
		};
/* End PBXFrameworksBuildPhase section */

/* Begin PBXGroup section */
		A00000000000000000000002 = {
			isa = PBXGroup;
			children = (
				A00000000000000000000004 /* Fridgy */,
				A00000000000000000000003 /* Products */,
			);
			sourceTree = "<group>";
		};
		A00000000000000000000003 /* Products */ = {
			isa = PBXGroup;
			children = (
				C00000000000000000000011 /* Fridgy.app */,
			);
			name = Products;
			sourceTree = "<group>";
		};
		A00000000000000000000004 /* Fridgy */ = {
			isa = PBXGroup;
			children = (
				C00000000000000000000001 /* FridgyApp.swift */,
				C00000000000000000000002 /* Models/Models.swift */,
				C00000000000000000000003 /* Design/DesignSystem.swift */,
				C00000000000000000000004 /* ViewModels/AppState.swift */,
				C00000000000000000000005 /* Services/MockServices.swift */,
				C00000000000000000000006 /* Services/SupabaseGateway.swift */,
				C00000000000000000000012 /* Services/SupabaseAuthService.swift */,
				C00000000000000000000013 /* Services/USDAFoodDataService.swift */,
				C00000000000000000000007 /* Views/AuthView.swift */,
				C00000000000000000000008 /* Views/OnboardingView.swift */,
				C00000000000000000000009 /* Views/MainTabView.swift */,
				C0000000000000000000000A /* Views/PantryScanView.swift */,
				C0000000000000000000000B /* Views/RecipeViews.swift */,
				C0000000000000000000000C /* Views/ProfileView.swift */,
				C0000000000000000000000D /* Support/CameraCaptureView.swift */,
				C0000000000000000000000E /* Info.plist */,
				C0000000000000000000000F /* Fridgy.entitlements */,
				C00000000000000000000010 /* Assets.xcassets */,
			);
			path = Fridgy;
			sourceTree = "<group>";
		};
/* End PBXGroup section */

/* Begin PBXNativeTarget section */
		A00000000000000000000006 /* Fridgy */ = {
			isa = PBXNativeTarget;
			buildConfigurationList = A00000000000000000000011 /* Build configuration list for PBXNativeTarget "Fridgy" */;
			buildPhases = (
				A00000000000000000000007 /* Sources */,
				A00000000000000000000009 /* Frameworks */,
				A00000000000000000000008 /* Resources */,
			);
			buildRules = (
			);
			dependencies = (
			);
			name = Fridgy;
			packageProductDependencies = (
				E00000000000000000000002 /* Supabase */,
			);
			productName = Fridgy;
			productReference = C00000000000000000000011 /* Fridgy.app */;
			productType = "com.apple.product-type.application";
		};
/* End PBXNativeTarget section */

/* Begin PBXProject section */
		A00000000000000000000001 /* Project object */ = {
			isa = PBXProject;
			attributes = {
				BuildIndependentTargetsInParallel = 1;
				LastSwiftUpdateCheck = 2630;
				LastUpgradeCheck = 2630;
				ORGANIZATIONNAME = fridgyai;
				TargetAttributes = {
					A00000000000000000000006 = {
						CreatedOnToolsVersion = 26.3;
					};
				};
			};
			buildConfigurationList = A00000000000000000000010 /* Build configuration list for PBXProject "Fridgy" */;
			developmentRegion = en;
			hasScannedForEncodings = 0;
			knownRegions = (
				en,
				Base,
			);
			mainGroup = A00000000000000000000002;
			minimizedProjectReferenceProxies = 1;
			packageReferences = (
				E00000000000000000000001 /* XCRemoteSwiftPackageReference "supabase-swift" */,
			);
			preferredProjectObjectVersion = 77;
			productRefGroup = A00000000000000000000003 /* Products */;
			projectDirPath = "";
			projectRoot = "";
			targets = (
				A00000000000000000000006 /* Fridgy */,
			);
		};
/* End PBXProject section */

/* Begin PBXResourcesBuildPhase section */
		A00000000000000000000008 /* Resources */ = {
			isa = PBXResourcesBuildPhase;
			buildActionMask = 2147483647;
			files = (
				D0000000000000000000000E /* Assets.xcassets in Resources */,
			);
			runOnlyForDeploymentPostprocessing = 0;
		};
/* End PBXResourcesBuildPhase section */

/* Begin PBXSourcesBuildPhase section */
		A00000000000000000000007 /* Sources */ = {
			isa = PBXSourcesBuildPhase;
			buildActionMask = 2147483647;
			files = (
				D00000000000000000000001 /* FridgyApp.swift in Sources */,
				D00000000000000000000002 /* Models/Models.swift in Sources */,
				D00000000000000000000003 /* Design/DesignSystem.swift in Sources */,
				D00000000000000000000004 /* ViewModels/AppState.swift in Sources */,
				D00000000000000000000005 /* Services/MockServices.swift in Sources */,
				D00000000000000000000006 /* Services/SupabaseGateway.swift in Sources */,
				D0000000000000000000000F /* Services/SupabaseAuthService.swift in Sources */,
				D00000000000000000000011 /* Services/USDAFoodDataService.swift in Sources */,
				D00000000000000000000007 /* Views/AuthView.swift in Sources */,
				D00000000000000000000008 /* Views/OnboardingView.swift in Sources */,
				D00000000000000000000009 /* Views/MainTabView.swift in Sources */,
				D0000000000000000000000A /* Views/PantryScanView.swift in Sources */,
				D0000000000000000000000B /* Views/RecipeViews.swift in Sources */,
				D0000000000000000000000C /* Views/ProfileView.swift in Sources */,
				D0000000000000000000000D /* Support/CameraCaptureView.swift in Sources */,
			);
			runOnlyForDeploymentPostprocessing = 0;
		};
/* End PBXSourcesBuildPhase section */

/* Begin XCBuildConfiguration section */
		A00000000000000000000012 /* Debug */ = {
			isa = XCBuildConfiguration;
			buildSettings = {
				ALWAYS_SEARCH_USER_PATHS = NO;
				CLANG_ANALYZER_NONNULL = YES;
				CLANG_ANALYZER_NUMBER_OBJECT_CONVERSION = YES_AGGRESSIVE;
				CLANG_CXX_LANGUAGE_STANDARD = "gnu++20";
				CLANG_ENABLE_MODULES = YES;
				CLANG_ENABLE_OBJC_ARC = YES;
				CLANG_ENABLE_OBJC_WEAK = YES;
				CLANG_WARN_BLOCK_CAPTURE_AUTORELEASING = YES;
				CLANG_WARN_BOOL_CONVERSION = YES;
				CLANG_WARN_COMMA = YES;
				CLANG_WARN_CONSTANT_CONVERSION = YES;
				CLANG_WARN_DEPRECATED_OBJC_IMPLEMENTATIONS = YES;
				CLANG_WARN_DIRECT_OBJC_ISA_USAGE = YES_ERROR;
				CLANG_WARN_DOCUMENTATION_COMMENTS = YES;
				CLANG_WARN_EMPTY_BODY = YES;
				CLANG_WARN_ENUM_CONVERSION = YES;
				CLANG_WARN_INFINITE_RECURSION = YES;
				CLANG_WARN_INT_CONVERSION = YES;
				CLANG_WARN_NON_LITERAL_NULL_CONVERSION = YES;
				CLANG_WARN_OBJC_IMPLICIT_RETAIN_SELF = YES;
				CLANG_WARN_OBJC_LITERAL_CONVERSION = YES;
				CLANG_WARN_OBJC_ROOT_CLASS = YES_ERROR;
				CLANG_WARN_QUOTED_INCLUDE_IN_FRAMEWORK_HEADER = YES;
				CLANG_WARN_RANGE_LOOP_ANALYSIS = YES;
				CLANG_WARN_STRICT_PROTOTYPES = YES;
				CLANG_WARN_SUSPICIOUS_MOVE = YES;
				CLANG_WARN_UNGUARDED_AVAILABILITY = YES_AGGRESSIVE;
				CLANG_WARN_UNREACHABLE_CODE = YES;
				CLANG_WARN__DUPLICATE_METHOD_MATCH = YES;
				COPY_PHASE_STRIP = NO;
				DEBUG_INFORMATION_FORMAT = dwarf;
				ENABLE_STRICT_OBJC_MSGSEND = YES;
				ENABLE_TESTABILITY = YES;
				ENABLE_USER_SCRIPT_SANDBOXING = YES;
				GCC_C_LANGUAGE_STANDARD = gnu17;
				GCC_DYNAMIC_NO_PIC = NO;
				GCC_NO_COMMON_BLOCKS = YES;
				GCC_OPTIMIZATION_LEVEL = 0;
				GCC_PREPROCESSOR_DEFINITIONS = (
					"DEBUG=1",
					"$(inherited)",
				);
				GCC_WARN_64_TO_32_BIT_CONVERSION = YES;
				GCC_WARN_ABOUT_RETURN_TYPE = YES_ERROR;
				GCC_WARN_UNDECLARED_SELECTOR = YES;
				GCC_WARN_UNINITIALIZED_AUTOS = YES_AGGRESSIVE;
				GCC_WARN_UNUSED_FUNCTION = YES;
				GCC_WARN_UNUSED_VARIABLE = YES;
				IPHONEOS_DEPLOYMENT_TARGET = 17.0;
				LOCALIZATION_PREFERS_STRING_CATALOGS = YES;
				MTL_ENABLE_DEBUG_INFO = INCLUDE_SOURCE;
				MTL_FAST_MATH = YES;
				ONLY_ACTIVE_ARCH = YES;
				SDKROOT = iphoneos;
				SWIFT_ACTIVE_COMPILATION_CONDITIONS = "DEBUG $(inherited)";
			};
			name = Debug;
		};
		A00000000000000000000013 /* Release */ = {
			isa = XCBuildConfiguration;
			buildSettings = {
				ALWAYS_SEARCH_USER_PATHS = NO;
				CLANG_ANALYZER_NONNULL = YES;
				CLANG_ANALYZER_NUMBER_OBJECT_CONVERSION = YES_AGGRESSIVE;
				CLANG_CXX_LANGUAGE_STANDARD = "gnu++20";
				CLANG_ENABLE_MODULES = YES;
				CLANG_ENABLE_OBJC_ARC = YES;
				CLANG_ENABLE_OBJC_WEAK = YES;
				CLANG_WARN_BLOCK_CAPTURE_AUTORELEASING = YES;
				CLANG_WARN_BOOL_CONVERSION = YES;
				CLANG_WARN_COMMA = YES;
				CLANG_WARN_CONSTANT_CONVERSION = YES;
				CLANG_WARN_DEPRECATED_OBJC_IMPLEMENTATIONS = YES;
				CLANG_WARN_DIRECT_OBJC_ISA_USAGE = YES_ERROR;
				CLANG_WARN_DOCUMENTATION_COMMENTS = YES;
				CLANG_WARN_EMPTY_BODY = YES;
				CLANG_WARN_ENUM_CONVERSION = YES;
				CLANG_WARN_INFINITE_RECURSION = YES;
				CLANG_WARN_INT_CONVERSION = YES;
				CLANG_WARN_NON_LITERAL_NULL_CONVERSION = YES;
				CLANG_WARN_OBJC_IMPLICIT_RETAIN_SELF = YES;
				CLANG_WARN_OBJC_LITERAL_CONVERSION = YES;
				CLANG_WARN_OBJC_ROOT_CLASS = YES_ERROR;
				CLANG_WARN_QUOTED_INCLUDE_IN_FRAMEWORK_HEADER = YES;
				CLANG_WARN_RANGE_LOOP_ANALYSIS = YES;
				CLANG_WARN_STRICT_PROTOTYPES = YES;
				CLANG_WARN_SUSPICIOUS_MOVE = YES;
				CLANG_WARN_UNGUARDED_AVAILABILITY = YES_AGGRESSIVE;
				CLANG_WARN_UNREACHABLE_CODE = YES;
				CLANG_WARN__DUPLICATE_METHOD_MATCH = YES;
				COPY_PHASE_STRIP = NO;
				DEBUG_INFORMATION_FORMAT = "dwarf-with-dsym";
				ENABLE_NS_ASSERTIONS = NO;
				ENABLE_STRICT_OBJC_MSGSEND = YES;
				ENABLE_USER_SCRIPT_SANDBOXING = YES;
				GCC_C_LANGUAGE_STANDARD = gnu17;
				GCC_NO_COMMON_BLOCKS = YES;
				GCC_WARN_64_TO_32_BIT_CONVERSION = YES;
				GCC_WARN_ABOUT_RETURN_TYPE = YES_ERROR;
				GCC_WARN_UNDECLARED_SELECTOR = YES;
				GCC_WARN_UNINITIALIZED_AUTOS = YES_AGGRESSIVE;
				GCC_WARN_UNUSED_FUNCTION = YES;
				GCC_WARN_UNUSED_VARIABLE = YES;
				IPHONEOS_DEPLOYMENT_TARGET = 17.0;
				LOCALIZATION_PREFERS_STRING_CATALOGS = YES;
				MTL_ENABLE_DEBUG_INFO = NO;
				MTL_FAST_MATH = YES;
				SDKROOT = iphoneos;
				SWIFT_COMPILATION_MODE = wholemodule;
				VALIDATE_PRODUCT = YES;
			};
			name = Release;
		};
		A00000000000000000000014 /* Debug */ = {
			isa = XCBuildConfiguration;
			buildSettings = {
				ASSETCATALOG_COMPILER_APPICON_NAME = AppIcon;
				ASSETCATALOG_COMPILER_GLOBAL_ACCENT_COLOR_NAME = AccentColor;
				CODE_SIGN_ENTITLEMENTS = Fridgy/Fridgy.entitlements;
				CODE_SIGN_STYLE = Automatic;
				CURRENT_PROJECT_VERSION = 1;
				DEVELOPMENT_ASSET_PATHS = "";
				DEVELOPMENT_TEAM = 9G8926BRFM;
				ENABLE_PREVIEWS = YES;
				GENERATE_INFOPLIST_FILE = NO;
				INFOPLIST_FILE = Fridgy/Info.plist;
				INFOPLIST_KEY_CFBundleDisplayName = Fridgy;
				INFOPLIST_KEY_LSApplicationCategoryType = "public.app-category.food-and-drink";
				IPHONEOS_DEPLOYMENT_TARGET = 17.0;
				LD_RUNPATH_SEARCH_PATHS = (
					"$(inherited)",
					"@executable_path/Frameworks",
				);
				MARKETING_VERSION = 1.0;
				PRODUCT_BUNDLE_IDENTIFIER = com.fridgyios.app;
				PRODUCT_NAME = "$(TARGET_NAME)";
				SUPPORTED_PLATFORMS = "iphoneos iphonesimulator";
				SUPPORTS_MACCATALYST = NO;
				SUPPORTS_MAC_DESIGNED_FOR_IPHONE_IPAD = NO;
				SWIFT_EMIT_LOC_STRINGS = YES;
				SWIFT_VERSION = 5.0;
				TARGETED_DEVICE_FAMILY = 1;
			};
			name = Debug;
		};
		A00000000000000000000015 /* Release */ = {
			isa = XCBuildConfiguration;
			buildSettings = {
				ASSETCATALOG_COMPILER_APPICON_NAME = AppIcon;
				ASSETCATALOG_COMPILER_GLOBAL_ACCENT_COLOR_NAME = AccentColor;
				CODE_SIGN_ENTITLEMENTS = Fridgy/Fridgy.entitlements;
				CODE_SIGN_STYLE = Automatic;
				CURRENT_PROJECT_VERSION = 1;
				DEVELOPMENT_ASSET_PATHS = "";
				DEVELOPMENT_TEAM = 9G8926BRFM;
				ENABLE_PREVIEWS = YES;
				GENERATE_INFOPLIST_FILE = NO;
				INFOPLIST_FILE = Fridgy/Info.plist;
				INFOPLIST_KEY_CFBundleDisplayName = Fridgy;
				INFOPLIST_KEY_LSApplicationCategoryType = "public.app-category.food-and-drink";
				IPHONEOS_DEPLOYMENT_TARGET = 17.0;
				LD_RUNPATH_SEARCH_PATHS = (
					"$(inherited)",
					"@executable_path/Frameworks",
				);
				MARKETING_VERSION = 1.0;
				PRODUCT_BUNDLE_IDENTIFIER = com.fridgyios.app;
				PRODUCT_NAME = "$(TARGET_NAME)";
				SUPPORTED_PLATFORMS = "iphoneos iphonesimulator";
				SUPPORTS_MACCATALYST = NO;
				SUPPORTS_MAC_DESIGNED_FOR_IPHONE_IPAD = NO;
				SWIFT_EMIT_LOC_STRINGS = YES;
				SWIFT_VERSION = 5.0;
				TARGETED_DEVICE_FAMILY = 1;
			};
			name = Release;
		};
/* End XCBuildConfiguration section */

/* Begin XCConfigurationList section */
		A00000000000000000000010 /* Build configuration list for PBXProject "Fridgy" */ = {
			isa = XCConfigurationList;
			buildConfigurations = (
				A00000000000000000000012 /* Debug */,
				A00000000000000000000013 /* Release */,
			);
			defaultConfigurationIsVisible = 0;
			defaultConfigurationName = Release;
		};
		A00000000000000000000011 /* Build configuration list for PBXNativeTarget "Fridgy" */ = {
			isa = XCConfigurationList;
			buildConfigurations = (
				A00000000000000000000014 /* Debug */,
				A00000000000000000000015 /* Release */,
			);
			defaultConfigurationIsVisible = 0;
			defaultConfigurationName = Release;
		};
/* End XCConfigurationList section */

/* Begin XCRemoteSwiftPackageReference section */
		E00000000000000000000001 /* XCRemoteSwiftPackageReference "supabase-swift" */ = {
			isa = XCRemoteSwiftPackageReference;
			repositoryURL = "https://github.com/supabase/supabase-swift.git";
			requirement = {
				kind = upToNextMajorVersion;
				minimumVersion = 2.46.0;
			};
		};
/* End XCRemoteSwiftPackageReference section */

/* Begin XCSwiftPackageProductDependency section */
		E00000000000000000000002 /* Supabase */ = {
			isa = XCSwiftPackageProductDependency;
			package = E00000000000000000000001 /* XCRemoteSwiftPackageReference "supabase-swift" */;
			productName = Supabase;
		};
/* End XCSwiftPackageProductDependency section */
	};
	rootObject = A00000000000000000000001 /* Project object */;
}
